
Microsoft Visual Studio Solution File, Format Version 12.00
# Visual Studio Version 17
VisualStudioVersion = 17.5.002.0
MinimumVisualStudioVersion = 10.0.40219.1
Project("{9A19103F-16F7-4668-BE54-9A1E7A4F7556}") = "PlaywrightTests", "PlaywrightTests\PlaywrightTests.csproj", "{716E0A04-3A9F-484B-9C38-360630C6C4C1}"
EndProject
Global
	GlobalSection(SolutionConfigurationPlatforms) = preSolution
		Debug|Any CPU = Debug|Any CPU
		Release|Any CPU = Release|Any CPU
	EndGlobalSection
	GlobalSection(ProjectConfigurationPlatforms) = postSolution
		{716E0A04-3A9F-484B-9C38-360630C6C4C1}.Debug|Any CPU.ActiveCfg = Debug|Any CPU
		{716E0A04-3A9F-484B-9C38-360630C6C4C1}.Debug|Any CPU.Build.0 = Debug|Any CPU
		{716E0A04-3A9F-484B-9C38-360630C6C4C1}.Release|Any CPU.ActiveCfg = Release|Any CPU
		{716E0A04-3A9F-484B-9C38-360630C6C4C1}.Release|Any CPU.Build.0 = Release|Any CPU
	EndGlobalSection
	GlobalSection(SolutionProperties) = preSolution
		HideSolutionNode = FALSE
	EndGlobalSection
	GlobalSection(ExtensibilityGlobals) = postSolution
		SolutionGuid = {401150AF-CB6E-4ED4-AE5B-A5CFF51CE138}
	EndGlobalSection
EndGlobal
